
Microsoft Visual Studio Solution File, Format Version 12.00
# Visual Studio Version 16
VisualStudioVersion = 16.0.31729.503
MinimumVisualStudioVersion = 10.0.40219.1
Project("{FAE04EC0-301F-11D3-BF4B-00C04F79EFBC}") = "ArkadevaSrez3", "ArkadevaSrez3\ArkadevaSrez3.csproj", "{886FACD1-4F82-45D6-AE95-81E0F162681A}"
EndProject
Global
	GlobalSection(SolutionConfigurationPlatforms) = preSolution
		Debug|Any CPU = Debug|Any CPU
		Release|Any CPU = Release|Any CPU
	EndGlobalSection
	GlobalSection(ProjectConfigurationPlatforms) = postSolution
		{886FACD1-4F82-45D6-AE95-81E0F162681A}.Debug|Any CPU.ActiveCfg = Debug|Any CPU
		{886FACD1-4F82-45D6-AE95-81E0F162681A}.Debug|Any CPU.Build.0 = Debug|Any CPU
		{886FACD1-4F82-45D6-AE95-81E0F162681A}.Release|Any CPU.ActiveCfg = Release|Any CPU
		{886FACD1-4F82-45D6-AE95-81E0F162681A}.Release|Any CPU.Build.0 = Release|Any CPU
	EndGlobalSection
	GlobalSection(SolutionProperties) = preSolution
		HideSolutionNode = FALSE
	EndGlobalSection
	GlobalSection(ExtensibilityGlobals) = postSolution
		SolutionGuid = {E300C3BF-6406-4AD2-91E7-CE1C0936C1E1}
	EndGlobalSection
EndGlobal
